// !$*UTF8*$!
{
	archiveVersion = 1;
	classes = {
	};
	objectVersion = 50;
	objects = {

/* Begin PBXBuildFile section */
		EEDB7F93237ECB25001A2192 /* AppDelegate.swift in Sources */ = {isa = PBXBuildFile; fileRef = EEDB7F92237ECB25001A2192 /* AppDelegate.swift */; };
		EEDB7F95237ECB25001A2192 /* SceneDelegate.swift in Sources */ = {isa = PBXBuildFile; fileRef = EEDB7F94237ECB25001A2192 /* SceneDelegate.swift */; };
		EEDB7F97237ECB25001A2192 /* ViewController.swift in Sources */ = {isa = PBXBuildFile; fileRef = EEDB7F96237ECB25001A2192 /* ViewController.swift */; };
		EEDB7F9A237ECB25001A2192 /* Main.storyboard in Resources */ = {isa = PBXBuildFile; fileRef = EEDB7F98237ECB25001A2192 /* Main.storyboard */; };
		EEDB7F9C237ECB39001A2192 /* Assets.xcassets in Resources */ = {isa = PBXBuildFile; fileRef = EEDB7F9B237ECB39001A2192 /* Assets.xcassets */; };
		EEDB7F9F237ECB39001A2192 /* LaunchScreen.storyboard in Resources */ = {isa = PBXBuildFile; fileRef = EEDB7F9D237ECB39001A2192 /* LaunchScreen.storyboard */; };
/* End PBXBuildFile section */

/* Begin PBXFileReference section */
		EEDB7F8F237ECB25001A2192 /* ichuzz22work.app */ = {isa = PBXFileReference; explicitFileType = wrapper.application; includeInIndex = 0; path = ichuzz22work.app; sourceTree = BUILT_PRODUCTS_DIR; };
		EEDB7F92237ECB25001A2192 /* AppDelegate.swift */ = {isa = PBXFileReference; lastKnownFileType = sourcecode.swift; path = AppDelegate.swift; sourceTree = "<group>"; };
		EEDB7F94237ECB25001A2192 /* SceneDelegate.swift */ = {isa = PBXFileReference; lastKnownFileType = sourcecode.swift; path = SceneDelegate.swift; sourceTree = "<group>"; };
		EEDB7F96237ECB25001A2192 /* ViewController.swift */ = {isa = PBXFileReference; lastKnownFileType = sourcecode.swift; path = ViewController.swift; sourceTree = "<group>"; };
		EEDB7F99237ECB25001A2192 /* Base */ = {isa = PBXFileReference; lastKnownFileType = file.storyboard; name = Base; path = Base.lproj/Main.storyboard; sourceTree = "<group>"; };
		EEDB7F9B237ECB39001A2192 /* Assets.xcassets */ = {isa = PBXFileReference; lastKnownFileType = folder.assetcatalog; path = Assets.xcassets; sourceTree = "<group>"; };
		EEDB7F9E237ECB39001A2192 /* Base */ = {isa = PBXFileReference; lastKnownFileType = file.storyboard; name = Base; path = Base.lproj/LaunchScreen.storyboard; sourceTree = "<group>"; };
		EEDB7FA0237ECB39001A2192 /* Info.plist */ = {isa = PBXFileReference; lastKnownFileType = text.plist.xml; path = Info.plist; sourceTree = "<group>"; };
/* End PBXFileReference section */

/* Begin PBXFrameworksBuildPhase section */
		EEDB7F8C237ECB25001A2192 /* Frameworks */ = {
			isa = PBXFrameworksBuildPhase;
			buildActionMask = 2147483647;
			files = (
			);
			runOnlyForDeploymentPostprocessing = 0;
		};
/* End PBXFrameworksBuildPhase section */

/* Begin PBXGroup section */
		EEDB7F86237ECB25001A2192 = {
			isa = PBXGroup;
			children = (
				EEDB7F91237ECB25001A2192 /* ichuzz22work */,
				EEDB7F90237ECB25001A2192 /* Products */,
			);
			sourceTree = "<group>";
		};
		EEDB7F90237ECB25001A2192 /* Products */ = {
			isa = PBXGroup;
			children = (
				EEDB7F8F237ECB25001A2192 /* ichuzz22work.app */,
			);
			name = Products;
			sourceTree = "<group>";
		};
		EEDB7F91237ECB25001A2192 /* ichuzz22work */ = {
			isa = PBXGroup;
			children = (
				EEDB7F92237ECB25001A2192 /* AppDelegate.swift */,
				EEDB7F94237ECB25001A2192 /* SceneDelegate.swift */,
				EEDB7F96237ECB25001A2192 /* ViewController.swift */,
				EEDB7F98237ECB25001A2192 /* Main.storyboard */,
				EEDB7F9B237ECB39001A2192 /* Assets.xcassets */,
				EEDB7F9D237ECB39001A2192 /* LaunchScreen.storyboard */,
				EEDB7FA0237ECB39001A2192 /* Info.plist */,
			);
			path = ichuzz22work;
			sourceTree = "<group>";
		};
/* End PBXGroup section */

/* Begin PBXNativeTarget section */
		EEDB7F8E237ECB25001A2192 /* ichuzz22work */ = {
			isa = PBXNativeTarget;
			buildConfigurationList = EEDB7FA3237ECB39001A2192 /* Build configuration list for PBXNativeTarget "ichuzz22work" */;
			buildPhases = (
				EEDB7F8B237ECB25001A2192 /* Sources */,
				EEDB7F8C237ECB25001A2192 /* Frameworks */,
				EEDB7F8D237ECB25001A2192 /* Resources */,
			);
			buildRules = (
			);
			dependencies = (
			);
			name = ichuzz22work;
			productName = ichuzz22work;
			productReference = EEDB7F8F237ECB25001A2192 /* ichuzz22work.app */;
			productType = "com.apple.product-type.application";
		};
/* End PBXNativeTarget section */

/* Begin PBXProject section */
		EEDB7F87237ECB25001A2192 /* Project object */ = {
			isa = PBXProject;
			attributes = {
				LastSwiftUpdateCheck = 1110;
				LastUpgradeCheck = 1110;
				ORGANIZATIONNAME = redtokens;
				TargetAttributes = {
					EEDB7F8E237ECB25001A2192 = {
						CreatedOnToolsVersion = 11.1;
					};
				};
			};
			buildConfigurationList = EEDB7F8A237ECB25001A2192 /* Build configuration list for PBXProject "ichuzz22work" */;
			compatibilityVersion = "Xcode 9.3";
			developmentRegion = en;
			hasScannedForEncodings = 0;
			knownRegions = (
				en,
				Base,
			);
			mainGroup = EEDB7F86237ECB25001A2192;
			productRefGroup = EEDB7F90237ECB25001A2192 /* Products */;
			projectDirPath = "";
			projectRoot = "";
			targets = (
				EEDB7F8E237ECB25001A2192 /* ichuzz22work */,
			);
		};
/* End PBXProject section */

/* Begin PBXResourcesBuildPhase section */
		EEDB7F8D237ECB25001A2192 /* Resources */ = {
			isa = PBXResourcesBuildPhase;
			buildActionMask = 2147483647;
			files = (
				EEDB7F9F237ECB39001A2192 /* LaunchScreen.storyboard in Resources */,
				EEDB7F9C237ECB39001A2192 /* Assets.xcassets in Resources */,
				EEDB7F9A237ECB25001A2192 /* Main.storyboard in Resources */,
			);
			runOnlyForDeploymentPostprocessing = 0;
		};
/* End PBXResourcesBuildPhase section */

/* Begin PBXSourcesBuildPhase section */
		EEDB7F8B237ECB25001A2192 /* Sources */ = {
			isa = PBXSourcesBuildPhase;
			buildActionMask = 2147483647;
			files = (
				EEDB7F97237ECB25001A2192 /* ViewController.swift in Sources */,
				EEDB7F93237ECB25001A2192 /* AppDelegate.swift in Sources */,
				EEDB7F95237ECB25001A2192 /* SceneDelegate.swift in Sources */,
			);
			runOnlyForDeploymentPostprocessing = 0;
		};
/* End PBXSourcesBuildPhase section */

/* Begin PBXVariantGroup section */
		EEDB7F98237ECB25001A2192 /* Main.storyboard */ = {
			isa = PBXVariantGroup;
			children = (
				EEDB7F99237ECB25001A2192 /* Base */,
			);
			name = Main.storyboard;
			sourceTree = "<group>";
		};
		EEDB7F9D237ECB39001A2192 /* LaunchScreen.storyboard */ = {
			isa = PBXVariantGroup;
			children = (
				EEDB7F9E237ECB39001A2192 /* Base */,
			);
			name = LaunchScreen.storyboard;
			sourceTree = "<group>";
		};
/* End PBXVariantGroup section */

/* Begin XCBuildConfiguration section */
		EEDB7FA1237ECB39001A2192 /* Debug */ = {
			isa = XCBuildConfiguration;
			buildSettings = {
				ALWAYS_SEARCH_USER_PATHS = NO;
				CLANG_ANALYZER_NONNULL = YES;
				CLANG_ANALYZER_NUMBER_OBJECT_CONVERSION = YES_AGGRESSIVE;
				CLANG_CXX_LANGUAGE_STANDARD = "gnu++14";
				CLANG_CXX_LIBRARY = "libc++";
				CLANG_ENABLE_MODULES = YES;
				CLANG_ENABLE_OBJC_ARC = YES;
				CLANG_ENABLE_OBJC_WEAK = YES;
				CLANG_WARN_BLOCK_CAPTURE_AUTORELEASING = YES;
				CLANG_WARN_BOOL_CONVERSION = YES;
				CLANG_WARN_COMMA = YES;
				CLANG_WARN_CONSTANT_CONVERSION = YES;
				CLANG_WARN_DEPRECATED_OBJC_IMPLEMENTATIONS = YES;
				CLANG_WARN_DIRECT_OBJC_ISA_USAGE = YES_ERROR;
				CLANG_WARN_DOCUMENTATION_COMMENTS = YES;
				CLANG_WARN_EMPTY_BODY = YES;
				CLANG_WARN_ENUM_CONVERSION = YES;
				CLANG_WARN_INFINITE_RECURSION = YES;
				CLANG_WARN_INT_CONVERSION = YES;
				CLANG_WARN_NON_LITERAL_NULL_CONVERSION = YES;
				CLANG_WARN_OBJC_IMPLICIT_RETAIN_SELF = YES;
				CLANG_WARN_OBJC_LITERAL_CONVERSION = YES;
				CLANG_WARN_OBJC_ROOT_CLASS = YES_ERROR;
				CLANG_WARN_RANGE_LOOP_ANALYSIS = YES;
				CLANG_WARN_STRICT_PROTOTYPES = YES;
				CLANG_WARN_SUSPICIOUS_MOVE = YES;
				CLANG_WARN_UNGUARDED_AVAILABILITY = YES_AGGRESSIVE;
				CLANG_WARN_UNREACHABLE_CODE = YES;
				CLANG_WARN__DUPLICATE_METHOD_MATCH = YES;
				COPY_PHASE_STRIP = NO;
				DEBUG_INFORMATION_FORMAT = dwarf;
				ENABLE_STRICT_OBJC_MSGSEND = YES;
				ENABLE_TESTABILITY = YES;
				GCC_C_LANGUAGE_STANDARD = gnu11;
				GCC_DYNAMIC_NO_PIC = NO;
				GCC_NO_COMMON_BLOCKS = YES;
				GCC_OPTIMIZATION_LEVEL = 0;
				GCC_PREPROCESSOR_DEFINITIONS = (
					"DEBUG=1",
					"$(inherited)",
				);
				GCC_WARN_64_TO_32_BIT_CONVERSION = YES;
				GCC_WARN_ABOUT_RETURN_TYPE = YES_ERROR;
				GCC_WARN_UNDECLARED_SELECTOR = YES;
				GCC_WARN_UNINITIALIZED_AUTOS = YES_AGGRESSIVE;
				GCC_WARN_UNUSED_FUNCTION = YES;
				GCC_WARN_UNUSED_VARIABLE = YES;
				IPHONEOS_DEPLOYMENT_TARGET = 13.1;
				MTL_ENABLE_DEBUG_INFO = INCLUDE_SOURCE;
				MTL_FAST_MATH = YES;
				ONLY_ACTIVE_ARCH = YES;
				SDKROOT = iphoneos;
				SWIFT_ACTIVE_COMPILATION_CONDITIONS = DEBUG;
				SWIFT_OPTIMIZATION_LEVEL = "-Onone";
			};
			name = Debug;
		};
		EEDB7FA2237ECB39001A2192 /* Release */ = {
			isa = XCBuildConfiguration;
			buildSettings = {
				ALWAYS_SEARCH_USER_PATHS = NO;
				CLANG_ANALYZER_NONNULL = YES;
				CLANG_ANALYZER_NUMBER_OBJECT_CONVERSION = YES_AGGRESSIVE;
				CLANG_CXX_LANGUAGE_STANDARD = "gnu++14";
				CLANG_CXX_LIBRARY = "libc++";
				CLANG_ENABLE_MODULES = YES;
				CLANG_ENABLE_OBJC_ARC = YES;
				CLANG_ENABLE_OBJC_WEAK = YES;
				CLANG_WARN_BLOCK_CAPTURE_AUTORELEASING = YES;
				CLANG_WARN_BOOL_CONVERSION = YES;
				CLANG_WARN_COMMA = YES;
				CLANG_WARN_CONSTANT_CONVERSION = YES;
				CLANG_WARN_DEPRECATED_OBJC_IMPLEMENTATIONS = YES;
				CLANG_WARN_DIRECT_OBJC_ISA_USAGE = YES_ERROR;
				CLANG_WARN_DOCUMENTATION_COMMENTS = YES;
				CLANG_WARN_EMPTY_BODY = YES;
				CLANG_WARN_ENUM_CONVERSION = YES;
				CLANG_WARN_INFINITE_RECURSION = YES;
				CLANG_WARN_INT_CONVERSION = YES;
				CLANG_WARN_NON_LITERAL_NULL_CONVERSION = YES;
				CLANG_WARN_OBJC_IMPLICIT_RETAIN_SELF = YES;
				CLANG_WARN_OBJC_LITERAL_CONVERSION = YES;
				CLANG_WARN_OBJC_ROOT_CLASS = YES_ERROR;
				CLANG_WARN_RANGE_LOOP_ANALYSIS = YES;
				CLANG_WARN_STRICT_PROTOTYPES = YES;
				CLANG_WARN_SUSPICIOUS_MOVE = YES;
				CLANG_WARN_UNGUARDED_AVAILABILITY = YES_AGGRESSIVE;
				CLANG_WARN_UNREACHABLE_CODE = YES;
				CLANG_WARN__DUPLICATE_METHOD_MATCH = YES;
				COPY_PHASE_STRIP = NO;
				DEBUG_INFORMATION_FORMAT = "dwarf-with-dsym";
				ENABLE_NS_ASSERTIONS = NO;
				ENABLE_STRICT_OBJC_MSGSEND = YES;
				GCC_C_LANGUAGE_STANDARD = gnu11;
				GCC_NO_COMMON_BLOCKS = YES;
				GCC_WARN_64_TO_32_BIT_CONVERSION = YES;
				GCC_WARN_ABOUT_RETURN_TYPE = YES_ERROR;
				GCC_WARN_UNDECLARED_SELECTOR = YES;
				GCC_WARN_UNINITIALIZED_AUTOS = YES_AGGRESSIVE;
				GCC_WARN_UNUSED_FUNCTION = YES;
				GCC_WARN_UNUSED_VARIABLE = YES;
				IPHONEOS_DEPLOYMENT_TARGET = 13.1;
				MTL_ENABLE_DEBUG_INFO = NO;
				MTL_FAST_MATH = YES;
				SDKROOT = iphoneos;
				SWIFT_COMPILATION_MODE = wholemodule;
				SWIFT_OPTIMIZATION_LEVEL = "-O";
				VALIDATE_PRODUCT = YES;
			};
			name = Release;
		};
		EEDB7FA4237ECB39001A2192 /* Debug */ = {
			isa = XCBuildConfiguration;
			buildSettings = {
				ASSETCATALOG_COMPILER_APPICON_NAME = AppIcon;
				CODE_SIGN_STYLE = Automatic;
				DEVELOPMENT_TEAM = DJ8VTMBZRG;
				INFOPLIST_FILE = ichuzz22work/Info.plist;
				LD_RUNPATH_SEARCH_PATHS = (
					"$(inherited)",
					"@executable_path/Frameworks",
				);
				PRODUCT_BUNDLE_IDENTIFIER = app.com.ichuzz22work;
				PRODUCT_NAME = "$(TARGET_NAME)";
				SWIFT_VERSION = 5.0;
				TARGETED_DEVICE_FAMILY = "1,2";
			};
			name = Debug;
		};
		EEDB7FA5237ECB39001A2192 /* Release */ = {
			isa = XCBuildConfiguration;
			buildSettings = {
				ASSETCATALOG_COMPILER_APPICON_NAME = AppIcon;
				CODE_SIGN_STYLE = Automatic;
				DEVELOPMENT_TEAM = DJ8VTMBZRG;
				INFOPLIST_FILE = ichuzz22work/Info.plist;
				LD_RUNPATH_SEARCH_PATHS = (
					"$(inherited)",
					"@executable_path/Frameworks",
				);
				PRODUCT_BUNDLE_IDENTIFIER = app.com.ichuzz22work;
				PRODUCT_NAME = "$(TARGET_NAME)";
				SWIFT_VERSION = 5.0;
				TARGETED_DEVICE_FAMILY = "1,2";
			};
			name = Release;
		};
/* End XCBuildConfiguration section */

/* Begin XCConfigurationList section */
		EEDB7F8A237ECB25001A2192 /* Build configuration list for PBXProject "ichuzz22work" */ = {
			isa = XCConfigurationList;
			buildConfigurations = (
				EEDB7FA1237ECB39001A2192 /* Debug */,
				EEDB7FA2237ECB39001A2192 /* Release */,
			);
			defaultConfigurationIsVisible = 0;
			defaultConfigurationName = Release;
		};
		EEDB7FA3237ECB39001A2192 /* Build configuration list for PBXNativeTarget "ichuzz22work" */ = {
			isa = XCConfigurationList;
			buildConfigurations = (
				EEDB7FA4237ECB39001A2192 /* Debug */,
				EEDB7FA5237ECB39001A2192 /* Release */,
			);
			defaultConfigurationIsVisible = 0;
			defaultConfigurationName = Release;
		};
/* End XCConfigurationList section */
	};
	rootObject = EEDB7F87237ECB25001A2192 /* Project object */;
}
